
Microsoft Visual Studio Solution File, Format Version 12.00
# Visual Studio Version 17
VisualStudioVersion = 17.8.34525.116
MinimumVisualStudioVersion = 10.0.40219.1
Project("{F184B08F-C81C-45F6-A57F-5ABD9991F28F}") = "File Finder", "File Finder\File Finder.vbproj", "{99AC4BAA-7130-4890-ACE7-91B97487414F}"
EndProject
Global
	GlobalSection(SolutionConfigurationPlatforms) = preSolution
		Debug|Any CPU = Debug|Any CPU
		Release|Any CPU = Release|Any CPU
	EndGlobalSection
	GlobalSection(ProjectConfigurationPlatforms) = postSolution
		{99AC4BAA-7130-4890-ACE7-91B97487414F}.Debug|Any CPU.ActiveCfg = Debug|Any CPU
		{99AC4BAA-7130-4890-ACE7-91B97487414F}.Debug|Any CPU.Build.0 = Debug|Any CPU
		{99AC4BAA-7130-4890-ACE7-91B97487414F}.Release|Any CPU.ActiveCfg = Release|Any CPU
		{99AC4BAA-7130-4890-ACE7-91B97487414F}.Release|Any CPU.Build.0 = Release|Any CPU
	EndGlobalSection
	GlobalSection(SolutionProperties) = preSolution
		HideSolutionNode = FALSE
	EndGlobalSection
	GlobalSection(ExtensibilityGlobals) = postSolution
		SolutionGuid = {FE7CEB10-20CE-45B7-8D7C-C1866C0678C8}
	EndGlobalSection
EndGlobal
